
Microsoft Visual Studio Solution File, Format Version 12.00
# Visual Studio 15
VisualStudioVersion = 15.0.28307.902
MinimumVisualStudioVersion = 10.0.40219.1
Project("{FAE04EC0-301F-11D3-BF4B-00C04F79EFBC}") = "CardGame", "CardGame\CardGame.csproj", "{8BFB0099-6965-4FC8-BB39-09CF34F8DA84}"
EndProject
Global
	GlobalSection(SolutionConfigurationPlatforms) = preSolution
		Debug|Any CPU = Debug|Any CPU
		Release|Any CPU = Release|Any CPU
	EndGlobalSection
	GlobalSection(ProjectConfigurationPlatforms) = postSolution
		{8BFB0099-6965-4FC8-BB39-09CF34F8DA84}.Debug|Any CPU.ActiveCfg = Debug|Any CPU
		{8BFB0099-6965-4FC8-BB39-09CF34F8DA84}.Debug|Any CPU.Build.0 = Debug|Any CPU
		{8BFB0099-6965-4FC8-BB39-09CF34F8DA84}.Release|Any CPU.ActiveCfg = Release|Any CPU
		{8BFB0099-6965-4FC8-BB39-09CF34F8DA84}.Release|Any CPU.Build.0 = Release|Any CPU
	EndGlobalSection
	GlobalSection(SolutionProperties) = preSolution
		HideSolutionNode = FALSE
	EndGlobalSection
	GlobalSection(ExtensibilityGlobals) = postSolution
		SolutionGuid = {2B0140E4-49B3-487A-B794-52D1AADA8B64}
	EndGlobalSection
EndGlobal
